// !$*UTF8*$!
{
	archiveVersion = 1;
	classes = {
	};
	objectVersion = 56;
	objects = {

/* Begin PBXBuildFile section */
		0B4568FB2AFD202300BCC93F /* PostsView.swift in Sources */ = {isa = PBXBuildFile; fileRef = 0B4568FA2AFD202300BCC93F /* PostsView.swift */; };
		0B4568FD2AFD204300BCC93F /* ProfileView.swift in Sources */ = {isa = PBXBuildFile; fileRef = 0B4568FC2AFD204300BCC93F /* ProfileView.swift */; };
		0B4568FF2AFD4BB100BCC93F /* AddPostView.swift in Sources */ = {isa = PBXBuildFile; fileRef = 0B4568FE2AFD4BB100BCC93F /* AddPostView.swift */; };
		0B4569012AFD4BDE00BCC93F /* AddPostViewModel.swift in Sources */ = {isa = PBXBuildFile; fileRef = 0B4569002AFD4BDE00BCC93F /* AddPostViewModel.swift */; };
		0B4569032AFE9BD400BCC93F /* PostsViewModel.swift in Sources */ = {isa = PBXBuildFile; fileRef = 0B4569022AFE9BD400BCC93F /* PostsViewModel.swift */; };
		0B4569052AFE9C3600BCC93F /* PostModel.swift in Sources */ = {isa = PBXBuildFile; fileRef = 0B4569042AFE9C3600BCC93F /* PostModel.swift */; };
		0B4569082AFEA5D000BCC93F /* Kingfisher in Frameworks */ = {isa = PBXBuildFile; productRef = 0B4569072AFEA5D000BCC93F /* Kingfisher */; };
		0B45690A2AFEA8A400BCC93F /* SearchView.swift in Sources */ = {isa = PBXBuildFile; fileRef = 0B4569092AFEA8A400BCC93F /* SearchView.swift */; };
		0BBB64532AFBC4C800A47052 /* SocialMediaCloneApp.swift in Sources */ = {isa = PBXBuildFile; fileRef = 0BBB64522AFBC4C800A47052 /* SocialMediaCloneApp.swift */; };
		0BBB64552AFBC4C800A47052 /* MainView.swift in Sources */ = {isa = PBXBuildFile; fileRef = 0BBB64542AFBC4C800A47052 /* MainView.swift */; };
		0BBB64572AFBC4CE00A47052 /* Assets.xcassets in Resources */ = {isa = PBXBuildFile; fileRef = 0BBB64562AFBC4CE00A47052 /* Assets.xcassets */; };
		0BBB645A2AFBC4CE00A47052 /* Preview Assets.xcassets in Resources */ = {isa = PBXBuildFile; fileRef = 0BBB64592AFBC4CE00A47052 /* Preview Assets.xcassets */; };
		0BBB64662AFBF13900A47052 /* LoginView.swift in Sources */ = {isa = PBXBuildFile; fileRef = 0BBB64652AFBF13900A47052 /* LoginView.swift */; };
		0BBB64682AFBFBD400A47052 /* ImagePicker.swift in Sources */ = {isa = PBXBuildFile; fileRef = 0BBB64672AFBFBD400A47052 /* ImagePicker.swift */; };
		0BBB64902AFC078D00A47052 /* GoogleService-Info.plist in Resources */ = {isa = PBXBuildFile; fileRef = 0BBB648F2AFC078D00A47052 /* GoogleService-Info.plist */; };
		0BBB64922AFC082200A47052 /* FirebaseManager.swift in Sources */ = {isa = PBXBuildFile; fileRef = 0BBB64912AFC082200A47052 /* FirebaseManager.swift */; };
		0BBB64CB2AFC0AA700A47052 /* FirebaseAnalytics in Frameworks */ = {isa = PBXBuildFile; productRef = 0BBB64CA2AFC0AA700A47052 /* FirebaseAnalytics */; };
		0BBB64CD2AFC0AA700A47052 /* FirebaseAnalyticsOnDeviceConversion in Frameworks */ = {isa = PBXBuildFile; productRef = 0BBB64CC2AFC0AA700A47052 /* FirebaseAnalyticsOnDeviceConversion */; };
		0BBB64CF2AFC0AA700A47052 /* FirebaseAnalyticsSwift in Frameworks */ = {isa = PBXBuildFile; productRef = 0BBB64CE2AFC0AA700A47052 /* FirebaseAnalyticsSwift */; };
		0BBB64D12AFC0AA700A47052 /* FirebaseAnalyticsWithoutAdIdSupport in Frameworks */ = {isa = PBXBuildFile; productRef = 0BBB64D02AFC0AA700A47052 /* FirebaseAnalyticsWithoutAdIdSupport */; };
		0BBB64D32AFC0AA700A47052 /* FirebaseAppCheck in Frameworks */ = {isa = PBXBuildFile; productRef = 0BBB64D22AFC0AA700A47052 /* FirebaseAppCheck */; };
		0BBB64D52AFC0AA700A47052 /* FirebaseAppDistribution-Beta in Frameworks */ = {isa = PBXBuildFile; productRef = 0BBB64D42AFC0AA700A47052 /* FirebaseAppDistribution-Beta */; };
		0BBB64D72AFC0AA700A47052 /* FirebaseAuth in Frameworks */ = {isa = PBXBuildFile; productRef = 0BBB64D62AFC0AA700A47052 /* FirebaseAuth */; };
		0BBB64D92AFC0AA700A47052 /* FirebaseAuthCombine-Community in Frameworks */ = {isa = PBXBuildFile; productRef = 0BBB64D82AFC0AA700A47052 /* FirebaseAuthCombine-Community */; };
		0BBB64DB2AFC0AA700A47052 /* FirebaseCrashlytics in Frameworks */ = {isa = PBXBuildFile; productRef = 0BBB64DA2AFC0AA700A47052 /* FirebaseCrashlytics */; };
		0BBB64DD2AFC0AA700A47052 /* FirebaseDatabase in Frameworks */ = {isa = PBXBuildFile; productRef = 0BBB64DC2AFC0AA700A47052 /* FirebaseDatabase */; };
		0BBB64DF2AFC0AA700A47052 /* FirebaseDatabaseSwift in Frameworks */ = {isa = PBXBuildFile; productRef = 0BBB64DE2AFC0AA700A47052 /* FirebaseDatabaseSwift */; };
		0BBB64E12AFC0AA700A47052 /* FirebaseDynamicLinks in Frameworks */ = {isa = PBXBuildFile; productRef = 0BBB64E02AFC0AA700A47052 /* FirebaseDynamicLinks */; };
		0BBB64E32AFC0AA700A47052 /* FirebaseFirestore in Frameworks */ = {isa = PBXBuildFile; productRef = 0BBB64E22AFC0AA700A47052 /* FirebaseFirestore */; };
		0BBB64E52AFC0AA700A47052 /* FirebaseFirestoreCombine-Community in Frameworks */ = {isa = PBXBuildFile; productRef = 0BBB64E42AFC0AA700A47052 /* FirebaseFirestoreCombine-Community */; };
		0BBB64E72AFC0AA700A47052 /* FirebaseFirestoreSwift in Frameworks */ = {isa = PBXBuildFile; productRef = 0BBB64E62AFC0AA700A47052 /* FirebaseFirestoreSwift */; };
		0BBB64E92AFC0AA700A47052 /* FirebaseFunctions in Frameworks */ = {isa = PBXBuildFile; productRef = 0BBB64E82AFC0AA700A47052 /* FirebaseFunctions */; };
		0BBB64EB2AFC0AA700A47052 /* FirebaseFunctionsCombine-Community in Frameworks */ = {isa = PBXBuildFile; productRef = 0BBB64EA2AFC0AA700A47052 /* FirebaseFunctionsCombine-Community */; };
		0BBB64ED2AFC0AA700A47052 /* FirebaseInAppMessaging-Beta in Frameworks */ = {isa = PBXBuildFile; productRef = 0BBB64EC2AFC0AA700A47052 /* FirebaseInAppMessaging-Beta */; };
		0BBB64EF2AFC0AA700A47052 /* FirebaseInAppMessagingSwift-Beta in Frameworks */ = {isa = PBXBuildFile; productRef = 0BBB64EE2AFC0AA700A47052 /* FirebaseInAppMessagingSwift-Beta */; };
		0BBB64F12AFC0AA700A47052 /* FirebaseInstallations in Frameworks */ = {isa = PBXBuildFile; productRef = 0BBB64F02AFC0AA700A47052 /* FirebaseInstallations */; };
		0BBB64F32AFC0AA700A47052 /* FirebaseMLModelDownloader in Frameworks */ = {isa = PBXBuildFile; productRef = 0BBB64F22AFC0AA700A47052 /* FirebaseMLModelDownloader */; };
		0BBB64F52AFC0AA700A47052 /* FirebaseMessaging in Frameworks */ = {isa = PBXBuildFile; productRef = 0BBB64F42AFC0AA700A47052 /* FirebaseMessaging */; };
		0BBB64F72AFC0AA700A47052 /* FirebasePerformance in Frameworks */ = {isa = PBXBuildFile; productRef = 0BBB64F62AFC0AA700A47052 /* FirebasePerformance */; };
		0BBB64F92AFC0AA700A47052 /* FirebaseRemoteConfig in Frameworks */ = {isa = PBXBuildFile; productRef = 0BBB64F82AFC0AA700A47052 /* FirebaseRemoteConfig */; };
		0BBB64FB2AFC0AA700A47052 /* FirebaseRemoteConfigSwift in Frameworks */ = {isa = PBXBuildFile; productRef = 0BBB64FA2AFC0AA700A47052 /* FirebaseRemoteConfigSwift */; };
		0BBB64FD2AFC0AA700A47052 /* FirebaseStorage in Frameworks */ = {isa = PBXBuildFile; productRef = 0BBB64FC2AFC0AA700A47052 /* FirebaseStorage */; };
		0BBB64FF2AFC0AA700A47052 /* FirebaseStorageCombine-Community in Frameworks */ = {isa = PBXBuildFile; productRef = 0BBB64FE2AFC0AA700A47052 /* FirebaseStorageCombine-Community */; };
		0BBB65012AFC0AF200A47052 /* FirebaseAnalytics in Frameworks */ = {isa = PBXBuildFile; productRef = 0BBB65002AFC0AF200A47052 /* FirebaseAnalytics */; };
		0BBB65032AFC0AF200A47052 /* FirebaseAnalyticsOnDeviceConversion in Frameworks */ = {isa = PBXBuildFile; productRef = 0BBB65022AFC0AF200A47052 /* FirebaseAnalyticsOnDeviceConversion */; };
		0BBB65052AFC0AF200A47052 /* FirebaseAnalyticsSwift in Frameworks */ = {isa = PBXBuildFile; productRef = 0BBB65042AFC0AF200A47052 /* FirebaseAnalyticsSwift */; };
		0BBB65072AFC0AF200A47052 /* FirebaseAnalyticsWithoutAdIdSupport in Frameworks */ = {isa = PBXBuildFile; productRef = 0BBB65062AFC0AF200A47052 /* FirebaseAnalyticsWithoutAdIdSupport */; };
		0BBB65092AFC0AF200A47052 /* FirebaseAppCheck in Frameworks */ = {isa = PBXBuildFile; productRef = 0BBB65082AFC0AF200A47052 /* FirebaseAppCheck */; };
		0BBB650B2AFC0AF200A47052 /* FirebaseAppDistribution-Beta in Frameworks */ = {isa = PBXBuildFile; productRef = 0BBB650A2AFC0AF200A47052 /* FirebaseAppDistribution-Beta */; };
		0BBB650D2AFC0AF200A47052 /* FirebaseAuth in Frameworks */ = {isa = PBXBuildFile; productRef = 0BBB650C2AFC0AF200A47052 /* FirebaseAuth */; };
		0BBB650F2AFC0AF200A47052 /* FirebaseAuthCombine-Community in Frameworks */ = {isa = PBXBuildFile; productRef = 0BBB650E2AFC0AF200A47052 /* FirebaseAuthCombine-Community */; };
		0BBB65112AFC0AF200A47052 /* FirebaseCrashlytics in Frameworks */ = {isa = PBXBuildFile; productRef = 0BBB65102AFC0AF200A47052 /* FirebaseCrashlytics */; };
		0BBB65132AFC0AF200A47052 /* FirebaseDatabase in Frameworks */ = {isa = PBXBuildFile; productRef = 0BBB65122AFC0AF200A47052 /* FirebaseDatabase */; };
		0BBB65152AFC0AF200A47052 /* FirebaseDatabaseSwift in Frameworks */ = {isa = PBXBuildFile; productRef = 0BBB65142AFC0AF200A47052 /* FirebaseDatabaseSwift */; };
		0BBB65172AFC0AF200A47052 /* FirebaseDynamicLinks in Frameworks */ = {isa = PBXBuildFile; productRef = 0BBB65162AFC0AF200A47052 /* FirebaseDynamicLinks */; };
		0BBB65192AFC0AF200A47052 /* FirebaseFirestore in Frameworks */ = {isa = PBXBuildFile; productRef = 0BBB65182AFC0AF200A47052 /* FirebaseFirestore */; };
		0BBB651B2AFC0AF200A47052 /* FirebaseFirestoreCombine-Community in Frameworks */ = {isa = PBXBuildFile; productRef = 0BBB651A2AFC0AF200A47052 /* FirebaseFirestoreCombine-Community */; };
		0BBB651D2AFC0AF200A47052 /* FirebaseFirestoreSwift in Frameworks */ = {isa = PBXBuildFile; productRef = 0BBB651C2AFC0AF200A47052 /* FirebaseFirestoreSwift */; };
		0BBB651F2AFC0AF200A47052 /* FirebaseFunctions in Frameworks */ = {isa = PBXBuildFile; productRef = 0BBB651E2AFC0AF200A47052 /* FirebaseFunctions */; };
		0BBB65212AFC0AF200A47052 /* FirebaseFunctionsCombine-Community in Frameworks */ = {isa = PBXBuildFile; productRef = 0BBB65202AFC0AF200A47052 /* FirebaseFunctionsCombine-Community */; };
		0BBB65232AFC0AF200A47052 /* FirebaseInAppMessaging-Beta in Frameworks */ = {isa = PBXBuildFile; productRef = 0BBB65222AFC0AF200A47052 /* FirebaseInAppMessaging-Beta */; };
		0BBB65252AFC0AF200A47052 /* FirebaseInAppMessagingSwift-Beta in Frameworks */ = {isa = PBXBuildFile; productRef = 0BBB65242AFC0AF200A47052 /* FirebaseInAppMessagingSwift-Beta */; };
		0BBB65272AFC0AF200A47052 /* FirebaseInstallations in Frameworks */ = {isa = PBXBuildFile; productRef = 0BBB65262AFC0AF200A47052 /* FirebaseInstallations */; };
		0BBB65292AFC0AF200A47052 /* FirebaseMLModelDownloader in Frameworks */ = {isa = PBXBuildFile; productRef = 0BBB65282AFC0AF200A47052 /* FirebaseMLModelDownloader */; };
		0BBB652B2AFC0AF200A47052 /* FirebaseMessaging in Frameworks */ = {isa = PBXBuildFile; productRef = 0BBB652A2AFC0AF200A47052 /* FirebaseMessaging */; };
		0BBB652D2AFC0AF200A47052 /* FirebasePerformance in Frameworks */ = {isa = PBXBuildFile; productRef = 0BBB652C2AFC0AF200A47052 /* FirebasePerformance */; };
		0BBB652F2AFC0AF200A47052 /* FirebaseRemoteConfig in Frameworks */ = {isa = PBXBuildFile; productRef = 0BBB652E2AFC0AF200A47052 /* FirebaseRemoteConfig */; };
		0BBB65312AFC0AF200A47052 /* FirebaseRemoteConfigSwift in Frameworks */ = {isa = PBXBuildFile; productRef = 0BBB65302AFC0AF200A47052 /* FirebaseRemoteConfigSwift */; };
		0BBB65332AFC0AF200A47052 /* FirebaseStorage in Frameworks */ = {isa = PBXBuildFile; productRef = 0BBB65322AFC0AF200A47052 /* FirebaseStorage */; };
		0BBB65352AFC0AF200A47052 /* FirebaseStorageCombine-Community in Frameworks */ = {isa = PBXBuildFile; productRef = 0BBB65342AFC0AF200A47052 /* FirebaseStorageCombine-Community */; };
		0BBB65372AFC0D2900A47052 /* LoginViewModel.swift in Sources */ = {isa = PBXBuildFile; fileRef = 0BBB65362AFC0D2900A47052 /* LoginViewModel.swift */; };
/* End PBXBuildFile section */

/* Begin PBXFileReference section */
		0B4568FA2AFD202300BCC93F /* PostsView.swift */ = {isa = PBXFileReference; lastKnownFileType = sourcecode.swift; path = PostsView.swift; sourceTree = "<group>"; };
		0B4568FC2AFD204300BCC93F /* ProfileView.swift */ = {isa = PBXFileReference; lastKnownFileType = sourcecode.swift; path = ProfileView.swift; sourceTree = "<group>"; };
		0B4568FE2AFD4BB100BCC93F /* AddPostView.swift */ = {isa = PBXFileReference; lastKnownFileType = sourcecode.swift; path = AddPostView.swift; sourceTree = "<group>"; };
		0B4569002AFD4BDE00BCC93F /* AddPostViewModel.swift */ = {isa = PBXFileReference; lastKnownFileType = sourcecode.swift; path = AddPostViewModel.swift; sourceTree = "<group>"; };
		0B4569022AFE9BD400BCC93F /* PostsViewModel.swift */ = {isa = PBXFileReference; lastKnownFileType = sourcecode.swift; path = PostsViewModel.swift; sourceTree = "<group>"; };
		0B4569042AFE9C3600BCC93F /* PostModel.swift */ = {isa = PBXFileReference; lastKnownFileType = sourcecode.swift; path = PostModel.swift; sourceTree = "<group>"; };
		0B4569092AFEA8A400BCC93F /* SearchView.swift */ = {isa = PBXFileReference; lastKnownFileType = sourcecode.swift; path = SearchView.swift; sourceTree = "<group>"; };
		0BBB644F2AFBC4C800A47052 /* SocialMediaClone.app */ = {isa = PBXFileReference; explicitFileType = wrapper.application; includeInIndex = 0; path = SocialMediaClone.app; sourceTree = BUILT_PRODUCTS_DIR; };
		0BBB64522AFBC4C800A47052 /* SocialMediaCloneApp.swift */ = {isa = PBXFileReference; lastKnownFileType = sourcecode.swift; path = SocialMediaCloneApp.swift; sourceTree = "<group>"; };
		0BBB64542AFBC4C800A47052 /* MainView.swift */ = {isa = PBXFileReference; lastKnownFileType = sourcecode.swift; path = MainView.swift; sourceTree = "<group>"; };
		0BBB64562AFBC4CE00A47052 /* Assets.xcassets */ = {isa = PBXFileReference; lastKnownFileType = folder.assetcatalog; path = Assets.xcassets; sourceTree = "<group>"; };
		0BBB64592AFBC4CE00A47052 /* Preview Assets.xcassets */ = {isa = PBXFileReference; lastKnownFileType = folder.assetcatalog; path = "Preview Assets.xcassets"; sourceTree = "<group>"; };
		0BBB64652AFBF13900A47052 /* LoginView.swift */ = {isa = PBXFileReference; lastKnownFileType = sourcecode.swift; path = LoginView.swift; sourceTree = "<group>"; };
		0BBB64672AFBFBD400A47052 /* ImagePicker.swift */ = {isa = PBXFileReference; lastKnownFileType = sourcecode.swift; path = ImagePicker.swift; sourceTree = "<group>"; };
		0BBB648F2AFC078D00A47052 /* GoogleService-Info.plist */ = {isa = PBXFileReference; fileEncoding = 4; lastKnownFileType = text.plist.xml; path = "GoogleService-Info.plist"; sourceTree = "<group>"; };
		0BBB64912AFC082200A47052 /* FirebaseManager.swift */ = {isa = PBXFileReference; lastKnownFileType = sourcecode.swift; path = FirebaseManager.swift; sourceTree = "<group>"; };
		0BBB65362AFC0D2900A47052 /* LoginViewModel.swift */ = {isa = PBXFileReference; lastKnownFileType = sourcecode.swift; path = LoginViewModel.swift; sourceTree = "<group>"; };
/* End PBXFileReference section */

/* Begin PBXFrameworksBuildPhase section */
		0BBB644C2AFBC4C800A47052 /* Frameworks */ = {
			isa = PBXFrameworksBuildPhase;
			buildActionMask = 2147483647;
			files = (
				0BBB64DD2AFC0AA700A47052 /* FirebaseDatabase in Frameworks */,
				0BBB64EB2AFC0AA700A47052 /* FirebaseFunctionsCombine-Community in Frameworks */,
				0BBB64E32AFC0AA700A47052 /* FirebaseFirestore in Frameworks */,
				0BBB65292AFC0AF200A47052 /* FirebaseMLModelDownloader in Frameworks */,
				0BBB64CF2AFC0AA700A47052 /* FirebaseAnalyticsSwift in Frameworks */,
				0BBB65252AFC0AF200A47052 /* FirebaseInAppMessagingSwift-Beta in Frameworks */,
				0BBB64CB2AFC0AA700A47052 /* FirebaseAnalytics in Frameworks */,
				0BBB64CD2AFC0AA700A47052 /* FirebaseAnalyticsOnDeviceConversion in Frameworks */,
				0BBB64F32AFC0AA700A47052 /* FirebaseMLModelDownloader in Frameworks */,
				0BBB64E72AFC0AA700A47052 /* FirebaseFirestoreSwift in Frameworks */,
				0BBB64D32AFC0AA700A47052 /* FirebaseAppCheck in Frameworks */,
				0BBB64D12AFC0AA700A47052 /* FirebaseAnalyticsWithoutAdIdSupport in Frameworks */,
				0BBB65272AFC0AF200A47052 /* FirebaseInstallations in Frameworks */,
				0BBB64D72AFC0AA700A47052 /* FirebaseAuth in Frameworks */,
				0BBB64DB2AFC0AA700A47052 /* FirebaseCrashlytics in Frameworks */,
				0BBB64FB2AFC0AA700A47052 /* FirebaseRemoteConfigSwift in Frameworks */,
				0BBB65352AFC0AF200A47052 /* FirebaseStorageCombine-Community in Frameworks */,
				0BBB65192AFC0AF200A47052 /* FirebaseFirestore in Frameworks */,
				0BBB65032AFC0AF200A47052 /* FirebaseAnalyticsOnDeviceConversion in Frameworks */,
				0B4569082AFEA5D000BCC93F /* Kingfisher in Frameworks */,
				0BBB64ED2AFC0AA700A47052 /* FirebaseInAppMessaging-Beta in Frameworks */,
				0BBB65012AFC0AF200A47052 /* FirebaseAnalytics in Frameworks */,
				0BBB651D2AFC0AF200A47052 /* FirebaseFirestoreSwift in Frameworks */,
				0BBB652F2AFC0AF200A47052 /* FirebaseRemoteConfig in Frameworks */,
				0BBB65092AFC0AF200A47052 /* FirebaseAppCheck in Frameworks */,
				0BBB65072AFC0AF200A47052 /* FirebaseAnalyticsWithoutAdIdSupport in Frameworks */,
				0BBB65332AFC0AF200A47052 /* FirebaseStorage in Frameworks */,
				0BBB64DF2AFC0AA700A47052 /* FirebaseDatabaseSwift in Frameworks */,
				0BBB65312AFC0AF200A47052 /* FirebaseRemoteConfigSwift in Frameworks */,
				0BBB650F2AFC0AF200A47052 /* FirebaseAuthCombine-Community in Frameworks */,
				0BBB650D2AFC0AF200A47052 /* FirebaseAuth in Frameworks */,
				0BBB64E92AFC0AA700A47052 /* FirebaseFunctions in Frameworks */,
				0BBB650B2AFC0AF200A47052 /* FirebaseAppDistribution-Beta in Frameworks */,
				0BBB64FF2AFC0AA700A47052 /* FirebaseStorageCombine-Community in Frameworks */,
				0BBB64F92AFC0AA700A47052 /* FirebaseRemoteConfig in Frameworks */,
				0BBB64D52AFC0AA700A47052 /* FirebaseAppDistribution-Beta in Frameworks */,
				0BBB64D92AFC0AA700A47052 /* FirebaseAuthCombine-Community in Frameworks */,
				0BBB65232AFC0AF200A47052 /* FirebaseInAppMessaging-Beta in Frameworks */,
				0BBB64F72AFC0AA700A47052 /* FirebasePerformance in Frameworks */,
				0BBB64EF2AFC0AA700A47052 /* FirebaseInAppMessagingSwift-Beta in Frameworks */,
				0BBB65212AFC0AF200A47052 /* FirebaseFunctionsCombine-Community in Frameworks */,
				0BBB65132AFC0AF200A47052 /* FirebaseDatabase in Frameworks */,
				0BBB652B2AFC0AF200A47052 /* FirebaseMessaging in Frameworks */,
				0BBB65052AFC0AF200A47052 /* FirebaseAnalyticsSwift in Frameworks */,
				0BBB651F2AFC0AF200A47052 /* FirebaseFunctions in Frameworks */,
				0BBB64FD2AFC0AA700A47052 /* FirebaseStorage in Frameworks */,
				0BBB65152AFC0AF200A47052 /* FirebaseDatabaseSwift in Frameworks */,
				0BBB652D2AFC0AF200A47052 /* FirebasePerformance in Frameworks */,
				0BBB64E12AFC0AA700A47052 /* FirebaseDynamicLinks in Frameworks */,
				0BBB64E52AFC0AA700A47052 /* FirebaseFirestoreCombine-Community in Frameworks */,
				0BBB65112AFC0AF200A47052 /* FirebaseCrashlytics in Frameworks */,
				0BBB64F52AFC0AA700A47052 /* FirebaseMessaging in Frameworks */,
				0BBB64F12AFC0AA700A47052 /* FirebaseInstallations in Frameworks */,
				0BBB651B2AFC0AF200A47052 /* FirebaseFirestoreCombine-Community in Frameworks */,
				0BBB65172AFC0AF200A47052 /* FirebaseDynamicLinks in Frameworks */,
			);
			runOnlyForDeploymentPostprocessing = 0;
		};
/* End PBXFrameworksBuildPhase section */

/* Begin PBXGroup section */
		0BBB64462AFBC4C800A47052 = {
			isa = PBXGroup;
			children = (
				0BBB64512AFBC4C800A47052 /* SocialMediaClone */,
				0BBB64502AFBC4C800A47052 /* Products */,
			);
			sourceTree = "<group>";
		};
		0BBB64502AFBC4C800A47052 /* Products */ = {
			isa = PBXGroup;
			children = (
				0BBB644F2AFBC4C800A47052 /* SocialMediaClone.app */,
			);
			name = Products;
			sourceTree = "<group>";
		};
		0BBB64512AFBC4C800A47052 /* SocialMediaClone */ = {
			isa = PBXGroup;
			children = (
				0BBB64522AFBC4C800A47052 /* SocialMediaCloneApp.swift */,
				0BBB64622AFBF0EA00A47052 /* Models */,
				0BBB64612AFBF0DC00A47052 /* Utilities */,
				0BBB64602AFBF0D400A47052 /* Views */,
				0BBB648F2AFC078D00A47052 /* GoogleService-Info.plist */,
				0BBB64562AFBC4CE00A47052 /* Assets.xcassets */,
				0BBB64582AFBC4CE00A47052 /* Preview Content */,
			);
			path = SocialMediaClone;
			sourceTree = "<group>";
		};
		0BBB64582AFBC4CE00A47052 /* Preview Content */ = {
			isa = PBXGroup;
			children = (
				0BBB64592AFBC4CE00A47052 /* Preview Assets.xcassets */,
			);
			path = "Preview Content";
			sourceTree = "<group>";
		};
		0BBB64602AFBF0D400A47052 /* Views */ = {
			isa = PBXGroup;
			children = (
				0BBB64542AFBC4C800A47052 /* MainView.swift */,
				0BBB64652AFBF13900A47052 /* LoginView.swift */,
				0B4568FA2AFD202300BCC93F /* PostsView.swift */,
				0B4568FC2AFD204300BCC93F /* ProfileView.swift */,
				0B4568FE2AFD4BB100BCC93F /* AddPostView.swift */,
				0B4569092AFEA8A400BCC93F /* SearchView.swift */,
			);
			path = Views;
			sourceTree = "<group>";
		};
		0BBB64612AFBF0DC00A47052 /* Utilities */ = {
			isa = PBXGroup;
			children = (
				0BBB64672AFBFBD400A47052 /* ImagePicker.swift */,
				0BBB64912AFC082200A47052 /* FirebaseManager.swift */,
			);
			path = Utilities;
			sourceTree = "<group>";
		};
		0BBB64622AFBF0EA00A47052 /* Models */ = {
			isa = PBXGroup;
			children = (
				0BBB65362AFC0D2900A47052 /* LoginViewModel.swift */,
				0B4569002AFD4BDE00BCC93F /* AddPostViewModel.swift */,
				0B4569022AFE9BD400BCC93F /* PostsViewModel.swift */,
				0B4569042AFE9C3600BCC93F /* PostModel.swift */,
			);
			path = Models;
			sourceTree = "<group>";
		};
/* End PBXGroup section */

/* Begin PBXNativeTarget section */
		0BBB644E2AFBC4C800A47052 /* SocialMediaClone */ = {
			isa = PBXNativeTarget;
			buildConfigurationList = 0BBB645D2AFBC4CE00A47052 /* Build configuration list for PBXNativeTarget "SocialMediaClone" */;
			buildPhases = (
				0BBB644B2AFBC4C800A47052 /* Sources */,
				0BBB644C2AFBC4C800A47052 /* Frameworks */,
				0BBB644D2AFBC4C800A47052 /* Resources */,
			);
			buildRules = (
			);
			dependencies = (
			);
			name = SocialMediaClone;
			packageProductDependencies = (
				0BBB64CA2AFC0AA700A47052 /* FirebaseAnalytics */,
				0BBB64CC2AFC0AA700A47052 /* FirebaseAnalyticsOnDeviceConversion */,
				0BBB64CE2AFC0AA700A47052 /* FirebaseAnalyticsSwift */,
				0BBB64D02AFC0AA700A47052 /* FirebaseAnalyticsWithoutAdIdSupport */,
				0BBB64D22AFC0AA700A47052 /* FirebaseAppCheck */,
				0BBB64D42AFC0AA700A47052 /* FirebaseAppDistribution-Beta */,
				0BBB64D62AFC0AA700A47052 /* FirebaseAuth */,
				0BBB64D82AFC0AA700A47052 /* FirebaseAuthCombine-Community */,
				0BBB64DA2AFC0AA700A47052 /* FirebaseCrashlytics */,
				0BBB64DC2AFC0AA700A47052 /* FirebaseDatabase */,
				0BBB64DE2AFC0AA700A47052 /* FirebaseDatabaseSwift */,
				0BBB64E02AFC0AA700A47052 /* FirebaseDynamicLinks */,
				0BBB64E22AFC0AA700A47052 /* FirebaseFirestore */,
				0BBB64E42AFC0AA700A47052 /* FirebaseFirestoreCombine-Community */,
				0BBB64E62AFC0AA700A47052 /* FirebaseFirestoreSwift */,
				0BBB64E82AFC0AA700A47052 /* FirebaseFunctions */,
				0BBB64EA2AFC0AA700A47052 /* FirebaseFunctionsCombine-Community */,
				0BBB64EC2AFC0AA700A47052 /* FirebaseInAppMessaging-Beta */,
				0BBB64EE2AFC0AA700A47052 /* FirebaseInAppMessagingSwift-Beta */,
				0BBB64F02AFC0AA700A47052 /* FirebaseInstallations */,
				0BBB64F22AFC0AA700A47052 /* FirebaseMLModelDownloader */,
				0BBB64F42AFC0AA700A47052 /* FirebaseMessaging */,
				0BBB64F62AFC0AA700A47052 /* FirebasePerformance */,
				0BBB64F82AFC0AA700A47052 /* FirebaseRemoteConfig */,
				0BBB64FA2AFC0AA700A47052 /* FirebaseRemoteConfigSwift */,
				0BBB64FC2AFC0AA700A47052 /* FirebaseStorage */,
				0BBB64FE2AFC0AA700A47052 /* FirebaseStorageCombine-Community */,
				0BBB65002AFC0AF200A47052 /* FirebaseAnalytics */,
				0BBB65022AFC0AF200A47052 /* FirebaseAnalyticsOnDeviceConversion */,
				0BBB65042AFC0AF200A47052 /* FirebaseAnalyticsSwift */,
				0BBB65062AFC0AF200A47052 /* FirebaseAnalyticsWithoutAdIdSupport */,
				0BBB65082AFC0AF200A47052 /* FirebaseAppCheck */,
				0BBB650A2AFC0AF200A47052 /* FirebaseAppDistribution-Beta */,
				0BBB650C2AFC0AF200A47052 /* FirebaseAuth */,
				0BBB650E2AFC0AF200A47052 /* FirebaseAuthCombine-Community */,
				0BBB65102AFC0AF200A47052 /* FirebaseCrashlytics */,
				0BBB65122AFC0AF200A47052 /* FirebaseDatabase */,
				0BBB65142AFC0AF200A47052 /* FirebaseDatabaseSwift */,
				0BBB65162AFC0AF200A47052 /* FirebaseDynamicLinks */,
				0BBB65182AFC0AF200A47052 /* FirebaseFirestore */,
				0BBB651A2AFC0AF200A47052 /* FirebaseFirestoreCombine-Community */,
				0BBB651C2AFC0AF200A47052 /* FirebaseFirestoreSwift */,
				0BBB651E2AFC0AF200A47052 /* FirebaseFunctions */,
				0BBB65202AFC0AF200A47052 /* FirebaseFunctionsCombine-Community */,
				0BBB65222AFC0AF200A47052 /* FirebaseInAppMessaging-Beta */,
				0BBB65242AFC0AF200A47052 /* FirebaseInAppMessagingSwift-Beta */,
				0BBB65262AFC0AF200A47052 /* FirebaseInstallations */,
				0BBB65282AFC0AF200A47052 /* FirebaseMLModelDownloader */,
				0BBB652A2AFC0AF200A47052 /* FirebaseMessaging */,
				0BBB652C2AFC0AF200A47052 /* FirebasePerformance */,
				0BBB652E2AFC0AF200A47052 /* FirebaseRemoteConfig */,
				0BBB65302AFC0AF200A47052 /* FirebaseRemoteConfigSwift */,
				0BBB65322AFC0AF200A47052 /* FirebaseStorage */,
				0BBB65342AFC0AF200A47052 /* FirebaseStorageCombine-Community */,
				0B4569072AFEA5D000BCC93F /* Kingfisher */,
			);
			productName = SocialMediaClone;
			productReference = 0BBB644F2AFBC4C800A47052 /* SocialMediaClone.app */;
			productType = "com.apple.product-type.application";
		};
/* End PBXNativeTarget section */

/* Begin PBXProject section */
		0BBB64472AFBC4C800A47052 /* Project object */ = {
			isa = PBXProject;
			attributes = {
				BuildIndependentTargetsInParallel = 1;
				LastSwiftUpdateCheck = 1500;
				LastUpgradeCheck = 1500;
				TargetAttributes = {
					0BBB644E2AFBC4C800A47052 = {
						CreatedOnToolsVersion = 15.0.1;
					};
				};
			};
			buildConfigurationList = 0BBB644A2AFBC4C800A47052 /* Build configuration list for PBXProject "SocialMediaClone" */;
			compatibilityVersion = "Xcode 14.0";
			developmentRegion = en;
			hasScannedForEncodings = 0;
			knownRegions = (
				en,
				Base,
			);
			mainGroup = 0BBB64462AFBC4C800A47052;
			packageReferences = (
				0BBB64C92AFC0AA700A47052 /* XCRemoteSwiftPackageReference "firebase-ios-sdk" */,
				0B4569062AFEA5D000BCC93F /* XCRemoteSwiftPackageReference "Kingfisher" */,
			);
			productRefGroup = 0BBB64502AFBC4C800A47052 /* Products */;
			projectDirPath = "";
			projectRoot = "";
			targets = (
				0BBB644E2AFBC4C800A47052 /* SocialMediaClone */,
			);
		};
/* End PBXProject section */

/* Begin PBXResourcesBuildPhase section */
		0BBB644D2AFBC4C800A47052 /* Resources */ = {
			isa = PBXResourcesBuildPhase;
			buildActionMask = 2147483647;
			files = (
				0BBB645A2AFBC4CE00A47052 /* Preview Assets.xcassets in Resources */,
				0BBB64902AFC078D00A47052 /* GoogleService-Info.plist in Resources */,
				0BBB64572AFBC4CE00A47052 /* Assets.xcassets in Resources */,
			);
			runOnlyForDeploymentPostprocessing = 0;
		};
/* End PBXResourcesBuildPhase section */

/* Begin PBXSourcesBuildPhase section */
		0BBB644B2AFBC4C800A47052 /* Sources */ = {
			isa = PBXSourcesBuildPhase;
			buildActionMask = 2147483647;
			files = (
				0B4568FD2AFD204300BCC93F /* ProfileView.swift in Sources */,
				0B4569052AFE9C3600BCC93F /* PostModel.swift in Sources */,
				0B4568FF2AFD4BB100BCC93F /* AddPostView.swift in Sources */,
				0B4568FB2AFD202300BCC93F /* PostsView.swift in Sources */,
				0BBB64662AFBF13900A47052 /* LoginView.swift in Sources */,
				0BBB64682AFBFBD400A47052 /* ImagePicker.swift in Sources */,
				0BBB65372AFC0D2900A47052 /* LoginViewModel.swift in Sources */,
				0B4569012AFD4BDE00BCC93F /* AddPostViewModel.swift in Sources */,
				0B45690A2AFEA8A400BCC93F /* SearchView.swift in Sources */,
				0B4569032AFE9BD400BCC93F /* PostsViewModel.swift in Sources */,
				0BBB64922AFC082200A47052 /* FirebaseManager.swift in Sources */,
				0BBB64552AFBC4C800A47052 /* MainView.swift in Sources */,
				0BBB64532AFBC4C800A47052 /* SocialMediaCloneApp.swift in Sources */,
			);
			runOnlyForDeploymentPostprocessing = 0;
		};
/* End PBXSourcesBuildPhase section */

/* Begin XCBuildConfiguration section */
		0BBB645B2AFBC4CE00A47052 /* Debug */ = {
			isa = XCBuildConfiguration;
			buildSettings = {
				ALWAYS_SEARCH_USER_PATHS = NO;
				ASSETCATALOG_COMPILER_GENERATE_SWIFT_ASSET_SYMBOL_EXTENSIONS = YES;
				CLANG_ANALYZER_NONNULL = YES;
				CLANG_ANALYZER_NUMBER_OBJECT_CONVERSION = YES_AGGRESSIVE;
				CLANG_CXX_LANGUAGE_STANDARD = "gnu++20";
				CLANG_ENABLE_MODULES = YES;
				CLANG_ENABLE_OBJC_ARC = YES;
				CLANG_ENABLE_OBJC_WEAK = YES;
				CLANG_WARN_BLOCK_CAPTURE_AUTORELEASING = YES;
				CLANG_WARN_BOOL_CONVERSION = YES;
				CLANG_WARN_COMMA = YES;
				CLANG_WARN_CONSTANT_CONVERSION = YES;
				CLANG_WARN_DEPRECATED_OBJC_IMPLEMENTATIONS = YES;
				CLANG_WARN_DIRECT_OBJC_ISA_USAGE = YES_ERROR;
				CLANG_WARN_DOCUMENTATION_COMMENTS = YES;
				CLANG_WARN_EMPTY_BODY = YES;
				CLANG_WARN_ENUM_CONVERSION = YES;
				CLANG_WARN_INFINITE_RECURSION = YES;
				CLANG_WARN_INT_CONVERSION = YES;
				CLANG_WARN_NON_LITERAL_NULL_CONVERSION = YES;
				CLANG_WARN_OBJC_IMPLICIT_RETAIN_SELF = YES;
				CLANG_WARN_OBJC_LITERAL_CONVERSION = YES;
				CLANG_WARN_OBJC_ROOT_CLASS = YES_ERROR;
				CLANG_WARN_QUOTED_INCLUDE_IN_FRAMEWORK_HEADER = YES;
				CLANG_WARN_RANGE_LOOP_ANALYSIS = YES;
				CLANG_WARN_STRICT_PROTOTYPES = YES;
				CLANG_WARN_SUSPICIOUS_MOVE = YES;
				CLANG_WARN_UNGUARDED_AVAILABILITY = YES_AGGRESSIVE;
				CLANG_WARN_UNREACHABLE_CODE = YES;
				CLANG_WARN__DUPLICATE_METHOD_MATCH = YES;
				COPY_PHASE_STRIP = NO;
				DEBUG_INFORMATION_FORMAT = dwarf;
				ENABLE_STRICT_OBJC_MSGSEND = YES;
				ENABLE_TESTABILITY = YES;
				ENABLE_USER_SCRIPT_SANDBOXING = YES;
				GCC_C_LANGUAGE_STANDARD = gnu17;
				GCC_DYNAMIC_NO_PIC = NO;
				GCC_NO_COMMON_BLOCKS = YES;
				GCC_OPTIMIZATION_LEVEL = 0;
				GCC_PREPROCESSOR_DEFINITIONS = (
					"DEBUG=1",
					"$(inherited)",
				);
				GCC_WARN_64_TO_32_BIT_CONVERSION = YES;
				GCC_WARN_ABOUT_RETURN_TYPE = YES_ERROR;
				GCC_WARN_UNDECLARED_SELECTOR = YES;
				GCC_WARN_UNINITIALIZED_AUTOS = YES_AGGRESSIVE;
				GCC_WARN_UNUSED_FUNCTION = YES;
				GCC_WARN_UNUSED_VARIABLE = YES;
				IPHONEOS_DEPLOYMENT_TARGET = 17.0;
				LOCALIZATION_PREFERS_STRING_CATALOGS = YES;
				MTL_ENABLE_DEBUG_INFO = INCLUDE_SOURCE;
				MTL_FAST_MATH = YES;
				ONLY_ACTIVE_ARCH = YES;
				SDKROOT = iphoneos;
				SWIFT_ACTIVE_COMPILATION_CONDITIONS = "DEBUG $(inherited)";
				SWIFT_OPTIMIZATION_LEVEL = "-Onone";
			};
			name = Debug;
		};
		0BBB645C2AFBC4CE00A47052 /* Release */ = {
			isa = XCBuildConfiguration;
			buildSettings = {
				ALWAYS_SEARCH_USER_PATHS = NO;
				ASSETCATALOG_COMPILER_GENERATE_SWIFT_ASSET_SYMBOL_EXTENSIONS = YES;
				CLANG_ANALYZER_NONNULL = YES;
				CLANG_ANALYZER_NUMBER_OBJECT_CONVERSION = YES_AGGRESSIVE;
				CLANG_CXX_LANGUAGE_STANDARD = "gnu++20";
				CLANG_ENABLE_MODULES = YES;
				CLANG_ENABLE_OBJC_ARC = YES;
				CLANG_ENABLE_OBJC_WEAK = YES;
				CLANG_WARN_BLOCK_CAPTURE_AUTORELEASING = YES;
				CLANG_WARN_BOOL_CONVERSION = YES;
				CLANG_WARN_COMMA = YES;
				CLANG_WARN_CONSTANT_CONVERSION = YES;
				CLANG_WARN_DEPRECATED_OBJC_IMPLEMENTATIONS = YES;
				CLANG_WARN_DIRECT_OBJC_ISA_USAGE = YES_ERROR;
				CLANG_WARN_DOCUMENTATION_COMMENTS = YES;
				CLANG_WARN_EMPTY_BODY = YES;
				CLANG_WARN_ENUM_CONVERSION = YES;
				CLANG_WARN_INFINITE_RECURSION = YES;
				CLANG_WARN_INT_CONVERSION = YES;
				CLANG_WARN_NON_LITERAL_NULL_CONVERSION = YES;
				CLANG_WARN_OBJC_IMPLICIT_RETAIN_SELF = YES;
				CLANG_WARN_OBJC_LITERAL_CONVERSION = YES;
				CLANG_WARN_OBJC_ROOT_CLASS = YES_ERROR;
				CLANG_WARN_QUOTED_INCLUDE_IN_FRAMEWORK_HEADER = YES;
				CLANG_WARN_RANGE_LOOP_ANALYSIS = YES;
				CLANG_WARN_STRICT_PROTOTYPES = YES;
				CLANG_WARN_SUSPICIOUS_MOVE = YES;
				CLANG_WARN_UNGUARDED_AVAILABILITY = YES_AGGRESSIVE;
				CLANG_WARN_UNREACHABLE_CODE = YES;
				CLANG_WARN__DUPLICATE_METHOD_MATCH = YES;
				COPY_PHASE_STRIP = NO;
				DEBUG_INFORMATION_FORMAT = "dwarf-with-dsym";
				ENABLE_NS_ASSERTIONS = NO;
				ENABLE_STRICT_OBJC_MSGSEND = YES;
				ENABLE_USER_SCRIPT_SANDBOXING = YES;
				GCC_C_LANGUAGE_STANDARD = gnu17;
				GCC_NO_COMMON_BLOCKS = YES;
				GCC_WARN_64_TO_32_BIT_CONVERSION = YES;
				GCC_WARN_ABOUT_RETURN_TYPE = YES_ERROR;
				GCC_WARN_UNDECLARED_SELECTOR = YES;
				GCC_WARN_UNINITIALIZED_AUTOS = YES_AGGRESSIVE;
				GCC_WARN_UNUSED_FUNCTION = YES;
				GCC_WARN_UNUSED_VARIABLE = YES;
				IPHONEOS_DEPLOYMENT_TARGET = 17.0;
				LOCALIZATION_PREFERS_STRING_CATALOGS = YES;
				MTL_ENABLE_DEBUG_INFO = NO;
				MTL_FAST_MATH = YES;
				SDKROOT = iphoneos;
				SWIFT_COMPILATION_MODE = wholemodule;
				VALIDATE_PRODUCT = YES;
			};
			name = Release;
		};
		0BBB645E2AFBC4CE00A47052 /* Debug */ = {
			isa = XCBuildConfiguration;
			buildSettings = {
				ASSETCATALOG_COMPILER_APPICON_NAME = AppIcon;
				ASSETCATALOG_COMPILER_GLOBAL_ACCENT_COLOR_NAME = AccentColor;
				CODE_SIGN_STYLE = Automatic;
				CURRENT_PROJECT_VERSION = 1;
				DEVELOPMENT_ASSET_PATHS = "\"SocialMediaClone/Preview Content\"";
				DEVELOPMENT_TEAM = 972SSN6428;
				ENABLE_PREVIEWS = YES;
				GENERATE_INFOPLIST_FILE = YES;
				INFOPLIST_KEY_UIApplicationSceneManifest_Generation = YES;
				INFOPLIST_KEY_UIApplicationSupportsIndirectInputEvents = YES;
				INFOPLIST_KEY_UILaunchScreen_Generation = YES;
				INFOPLIST_KEY_UISupportedInterfaceOrientations_iPad = "UIInterfaceOrientationPortrait UIInterfaceOrientationPortraitUpsideDown UIInterfaceOrientationLandscapeLeft UIInterfaceOrientationLandscapeRight";
				INFOPLIST_KEY_UISupportedInterfaceOrientations_iPhone = "UIInterfaceOrientationPortrait UIInterfaceOrientationLandscapeLeft UIInterfaceOrientationLandscapeRight";
				LD_RUNPATH_SEARCH_PATHS = (
					"$(inherited)",
					"@executable_path/Frameworks",
				);
				MARKETING_VERSION = 1.0;
				PRODUCT_BUNDLE_IDENTIFIER = com.marceloamaral.SocialMediaClone;
				PRODUCT_NAME = "$(TARGET_NAME)";
				SWIFT_EMIT_LOC_STRINGS = YES;
				SWIFT_VERSION = 5.0;
				TARGETED_DEVICE_FAMILY = "1,2";
			};
			name = Debug;
		};
		0BBB645F2AFBC4CE00A47052 /* Release */ = {
			isa = XCBuildConfiguration;
			buildSettings = {
				ASSETCATALOG_COMPILER_APPICON_NAME = AppIcon;
				ASSETCATALOG_COMPILER_GLOBAL_ACCENT_COLOR_NAME = AccentColor;
				CODE_SIGN_STYLE = Automatic;
				CURRENT_PROJECT_VERSION = 1;
				DEVELOPMENT_ASSET_PATHS = "\"SocialMediaClone/Preview Content\"";
				DEVELOPMENT_TEAM = 972SSN6428;
				ENABLE_PREVIEWS = YES;
				GENERATE_INFOPLIST_FILE = YES;
				INFOPLIST_KEY_UIApplicationSceneManifest_Generation = YES;
				INFOPLIST_KEY_UIApplicationSupportsIndirectInputEvents = YES;
				INFOPLIST_KEY_UILaunchScreen_Generation = YES;
				INFOPLIST_KEY_UISupportedInterfaceOrientations_iPad = "UIInterfaceOrientationPortrait UIInterfaceOrientationPortraitUpsideDown UIInterfaceOrientationLandscapeLeft UIInterfaceOrientationLandscapeRight";
				INFOPLIST_KEY_UISupportedInterfaceOrientations_iPhone = "UIInterfaceOrientationPortrait UIInterfaceOrientationLandscapeLeft UIInterfaceOrientationLandscapeRight";
				LD_RUNPATH_SEARCH_PATHS = (
					"$(inherited)",
					"@executable_path/Frameworks",
				);
				MARKETING_VERSION = 1.0;
				PRODUCT_BUNDLE_IDENTIFIER = com.marceloamaral.SocialMediaClone;
				PRODUCT_NAME = "$(TARGET_NAME)";
				SWIFT_EMIT_LOC_STRINGS = YES;
				SWIFT_VERSION = 5.0;
				TARGETED_DEVICE_FAMILY = "1,2";
			};
			name = Release;
		};
/* End XCBuildConfiguration section */

/* Begin XCConfigurationList section */
		0BBB644A2AFBC4C800A47052 /* Build configuration list for PBXProject "SocialMediaClone" */ = {
			isa = XCConfigurationList;
			buildConfigurations = (
				0BBB645B2AFBC4CE00A47052 /* Debug */,
				0BBB645C2AFBC4CE00A47052 /* Release */,
			);
			defaultConfigurationIsVisible = 0;
			defaultConfigurationName = Release;
		};
		0BBB645D2AFBC4CE00A47052 /* Build configuration list for PBXNativeTarget "SocialMediaClone" */ = {
			isa = XCConfigurationList;
			buildConfigurations = (
				0BBB645E2AFBC4CE00A47052 /* Debug */,
				0BBB645F2AFBC4CE00A47052 /* Release */,
			);
			defaultConfigurationIsVisible = 0;
			defaultConfigurationName = Release;
		};
/* End XCConfigurationList section */

/* Begin XCRemoteSwiftPackageReference section */
		0B4569062AFEA5D000BCC93F /* XCRemoteSwiftPackageReference "Kingfisher" */ = {
			isa = XCRemoteSwiftPackageReference;
			repositoryURL = "https://github.com/onevcat/Kingfisher.git";
			requirement = {
				kind = upToNextMajorVersion;
				minimumVersion = 7.10.0;
			};
		};
		0BBB64C92AFC0AA700A47052 /* XCRemoteSwiftPackageReference "firebase-ios-sdk" */ = {
			isa = XCRemoteSwiftPackageReference;
			repositoryURL = "https://github.com/firebase/firebase-ios-sdk";
			requirement = {
				kind = upToNextMajorVersion;
				minimumVersion = 10.17.0;
			};
		};
/* End XCRemoteSwiftPackageReference section */

/* Begin XCSwiftPackageProductDependency section */
		0B4569072AFEA5D000BCC93F /* Kingfisher */ = {
			isa = XCSwiftPackageProductDependency;
			package = 0B4569062AFEA5D000BCC93F /* XCRemoteSwiftPackageReference "Kingfisher" */;
			productName = Kingfisher;
		};
		0BBB64CA2AFC0AA700A47052 /* FirebaseAnalytics */ = {
			isa = XCSwiftPackageProductDependency;
			package = 0BBB64C92AFC0AA700A47052 /* XCRemoteSwiftPackageReference "firebase-ios-sdk" */;
			productName = FirebaseAnalytics;
		};
		0BBB64CC2AFC0AA700A47052 /* FirebaseAnalyticsOnDeviceConversion */ = {
			isa = XCSwiftPackageProductDependency;
			package = 0BBB64C92AFC0AA700A47052 /* XCRemoteSwiftPackageReference "firebase-ios-sdk" */;
			productName = FirebaseAnalyticsOnDeviceConversion;
		};
		0BBB64CE2AFC0AA700A47052 /* FirebaseAnalyticsSwift */ = {
			isa = XCSwiftPackageProductDependency;
			package = 0BBB64C92AFC0AA700A47052 /* XCRemoteSwiftPackageReference "firebase-ios-sdk" */;
			productName = FirebaseAnalyticsSwift;
		};
		0BBB64D02AFC0AA700A47052 /* FirebaseAnalyticsWithoutAdIdSupport */ = {
			isa = XCSwiftPackageProductDependency;
			package = 0BBB64C92AFC0AA700A47052 /* XCRemoteSwiftPackageReference "firebase-ios-sdk" */;
			productName = FirebaseAnalyticsWithoutAdIdSupport;
		};
		0BBB64D22AFC0AA700A47052 /* FirebaseAppCheck */ = {
			isa = XCSwiftPackageProductDependency;
			package = 0BBB64C92AFC0AA700A47052 /* XCRemoteSwiftPackageReference "firebase-ios-sdk" */;
			productName = FirebaseAppCheck;
		};
		0BBB64D42AFC0AA700A47052 /* FirebaseAppDistribution-Beta */ = {
			isa = XCSwiftPackageProductDependency;
			package = 0BBB64C92AFC0AA700A47052 /* XCRemoteSwiftPackageReference "firebase-ios-sdk" */;
			productName = "FirebaseAppDistribution-Beta";
		};
		0BBB64D62AFC0AA700A47052 /* FirebaseAuth */ = {
			isa = XCSwiftPackageProductDependency;
			package = 0BBB64C92AFC0AA700A47052 /* XCRemoteSwiftPackageReference "firebase-ios-sdk" */;
			productName = FirebaseAuth;
		};
		0BBB64D82AFC0AA700A47052 /* FirebaseAuthCombine-Community */ = {
			isa = XCSwiftPackageProductDependency;
			package = 0BBB64C92AFC0AA700A47052 /* XCRemoteSwiftPackageReference "firebase-ios-sdk" */;
			productName = "FirebaseAuthCombine-Community";
		};
		0BBB64DA2AFC0AA700A47052 /* FirebaseCrashlytics */ = {
			isa = XCSwiftPackageProductDependency;
			package = 0BBB64C92AFC0AA700A47052 /* XCRemoteSwiftPackageReference "firebase-ios-sdk" */;
			productName = FirebaseCrashlytics;
		};
		0BBB64DC2AFC0AA700A47052 /* FirebaseDatabase */ = {
			isa = XCSwiftPackageProductDependency;
			package = 0BBB64C92AFC0AA700A47052 /* XCRemoteSwiftPackageReference "firebase-ios-sdk" */;
			productName = FirebaseDatabase;
		};
		0BBB64DE2AFC0AA700A47052 /* FirebaseDatabaseSwift */ = {
			isa = XCSwiftPackageProductDependency;
			package = 0BBB64C92AFC0AA700A47052 /* XCRemoteSwiftPackageReference "firebase-ios-sdk" */;
			productName = FirebaseDatabaseSwift;
		};
		0BBB64E02AFC0AA700A47052 /* FirebaseDynamicLinks */ = {
			isa = XCSwiftPackageProductDependency;
			package = 0BBB64C92AFC0AA700A47052 /* XCRemoteSwiftPackageReference "firebase-ios-sdk" */;
			productName = FirebaseDynamicLinks;
		};
		0BBB64E22AFC0AA700A47052 /* FirebaseFirestore */ = {
			isa = XCSwiftPackageProductDependency;
			package = 0BBB64C92AFC0AA700A47052 /* XCRemoteSwiftPackageReference "firebase-ios-sdk" */;
			productName = FirebaseFirestore;
		};
		0BBB64E42AFC0AA700A47052 /* FirebaseFirestoreCombine-Community */ = {
			isa = XCSwiftPackageProductDependency;
			package = 0BBB64C92AFC0AA700A47052 /* XCRemoteSwiftPackageReference "firebase-ios-sdk" */;
			productName = "FirebaseFirestoreCombine-Community";
		};
		0BBB64E62AFC0AA700A47052 /* FirebaseFirestoreSwift */ = {
			isa = XCSwiftPackageProductDependency;
			package = 0BBB64C92AFC0AA700A47052 /* XCRemoteSwiftPackageReference "firebase-ios-sdk" */;
			productName = FirebaseFirestoreSwift;
		};
		0BBB64E82AFC0AA700A47052 /* FirebaseFunctions */ = {
			isa = XCSwiftPackageProductDependency;
			package = 0BBB64C92AFC0AA700A47052 /* XCRemoteSwiftPackageReference "firebase-ios-sdk" */;
			productName = FirebaseFunctions;
		};
		0BBB64EA2AFC0AA700A47052 /* FirebaseFunctionsCombine-Community */ = {
			isa = XCSwiftPackageProductDependency;
			package = 0BBB64C92AFC0AA700A47052 /* XCRemoteSwiftPackageReference "firebase-ios-sdk" */;
			productName = "FirebaseFunctionsCombine-Community";
		};
		0BBB64EC2AFC0AA700A47052 /* FirebaseInAppMessaging-Beta */ = {
			isa = XCSwiftPackageProductDependency;
			package = 0BBB64C92AFC0AA700A47052 /* XCRemoteSwiftPackageReference "firebase-ios-sdk" */;
			productName = "FirebaseInAppMessaging-Beta";
		};
		0BBB64EE2AFC0AA700A47052 /* FirebaseInAppMessagingSwift-Beta */ = {
			isa = XCSwiftPackageProductDependency;
			package = 0BBB64C92AFC0AA700A47052 /* XCRemoteSwiftPackageReference "firebase-ios-sdk" */;
			productName = "FirebaseInAppMessagingSwift-Beta";
		};
		0BBB64F02AFC0AA700A47052 /* FirebaseInstallations */ = {
			isa = XCSwiftPackageProductDependency;
			package = 0BBB64C92AFC0AA700A47052 /* XCRemoteSwiftPackageReference "firebase-ios-sdk" */;
			productName = FirebaseInstallations;
		};
		0BBB64F22AFC0AA700A47052 /* FirebaseMLModelDownloader */ = {
			isa = XCSwiftPackageProductDependency;
			package = 0BBB64C92AFC0AA700A47052 /* XCRemoteSwiftPackageReference "firebase-ios-sdk" */;
			productName = FirebaseMLModelDownloader;
		};
		0BBB64F42AFC0AA700A47052 /* FirebaseMessaging */ = {
			isa = XCSwiftPackageProductDependency;
			package = 0BBB64C92AFC0AA700A47052 /* XCRemoteSwiftPackageReference "firebase-ios-sdk" */;
			productName = FirebaseMessaging;
		};
		0BBB64F62AFC0AA700A47052 /* FirebasePerformance */ = {
			isa = XCSwiftPackageProductDependency;
			package = 0BBB64C92AFC0AA700A47052 /* XCRemoteSwiftPackageReference "firebase-ios-sdk" */;
			productName = FirebasePerformance;
		};
		0BBB64F82AFC0AA700A47052 /* FirebaseRemoteConfig */ = {
			isa = XCSwiftPackageProductDependency;
			package = 0BBB64C92AFC0AA700A47052 /* XCRemoteSwiftPackageReference "firebase-ios-sdk" */;
			productName = FirebaseRemoteConfig;
		};
		0BBB64FA2AFC0AA700A47052 /* FirebaseRemoteConfigSwift */ = {
			isa = XCSwiftPackageProductDependency;
			package = 0BBB64C92AFC0AA700A47052 /* XCRemoteSwiftPackageReference "firebase-ios-sdk" */;
			productName = FirebaseRemoteConfigSwift;
		};
		0BBB64FC2AFC0AA700A47052 /* FirebaseStorage */ = {
			isa = XCSwiftPackageProductDependency;
			package = 0BBB64C92AFC0AA700A47052 /* XCRemoteSwiftPackageReference "firebase-ios-sdk" */;
			productName = FirebaseStorage;
		};
		0BBB64FE2AFC0AA700A47052 /* FirebaseStorageCombine-Community */ = {
			isa = XCSwiftPackageProductDependency;
			package = 0BBB64C92AFC0AA700A47052 /* XCRemoteSwiftPackageReference "firebase-ios-sdk" */;
			productName = "FirebaseStorageCombine-Community";
		};
		0BBB65002AFC0AF200A47052 /* FirebaseAnalytics */ = {
			isa = XCSwiftPackageProductDependency;
			package = 0BBB64C92AFC0AA700A47052 /* XCRemoteSwiftPackageReference "firebase-ios-sdk" */;
			productName = FirebaseAnalytics;
		};
		0BBB65022AFC0AF200A47052 /* FirebaseAnalyticsOnDeviceConversion */ = {
			isa = XCSwiftPackageProductDependency;
			package = 0BBB64C92AFC0AA700A47052 /* XCRemoteSwiftPackageReference "firebase-ios-sdk" */;
			productName = FirebaseAnalyticsOnDeviceConversion;
		};
		0BBB65042AFC0AF200A47052 /* FirebaseAnalyticsSwift */ = {
			isa = XCSwiftPackageProductDependency;
			package = 0BBB64C92AFC0AA700A47052 /* XCRemoteSwiftPackageReference "firebase-ios-sdk" */;
			productName = FirebaseAnalyticsSwift;
		};
		0BBB65062AFC0AF200A47052 /* FirebaseAnalyticsWithoutAdIdSupport */ = {
			isa = XCSwiftPackageProductDependency;
			package = 0BBB64C92AFC0AA700A47052 /* XCRemoteSwiftPackageReference "firebase-ios-sdk" */;
			productName = FirebaseAnalyticsWithoutAdIdSupport;
		};
		0BBB65082AFC0AF200A47052 /* FirebaseAppCheck */ = {
			isa = XCSwiftPackageProductDependency;
			package = 0BBB64C92AFC0AA700A47052 /* XCRemoteSwiftPackageReference "firebase-ios-sdk" */;
			productName = FirebaseAppCheck;
		};
		0BBB650A2AFC0AF200A47052 /* FirebaseAppDistribution-Beta */ = {
			isa = XCSwiftPackageProductDependency;
			package = 0BBB64C92AFC0AA700A47052 /* XCRemoteSwiftPackageReference "firebase-ios-sdk" */;
			productName = "FirebaseAppDistribution-Beta";
		};
		0BBB650C2AFC0AF200A47052 /* FirebaseAuth */ = {
			isa = XCSwiftPackageProductDependency;
			package = 0BBB64C92AFC0AA700A47052 /* XCRemoteSwiftPackageReference "firebase-ios-sdk" */;
			productName = FirebaseAuth;
		};
		0BBB650E2AFC0AF200A47052 /* FirebaseAuthCombine-Community */ = {
			isa = XCSwiftPackageProductDependency;
			package = 0BBB64C92AFC0AA700A47052 /* XCRemoteSwiftPackageReference "firebase-ios-sdk" */;
			productName = "FirebaseAuthCombine-Community";
		};
		0BBB65102AFC0AF200A47052 /* FirebaseCrashlytics */ = {
			isa = XCSwiftPackageProductDependency;
			package = 0BBB64C92AFC0AA700A47052 /* XCRemoteSwiftPackageReference "firebase-ios-sdk" */;
			productName = FirebaseCrashlytics;
		};
		0BBB65122AFC0AF200A47052 /* FirebaseDatabase */ = {
			isa = XCSwiftPackageProductDependency;
			package = 0BBB64C92AFC0AA700A47052 /* XCRemoteSwiftPackageReference "firebase-ios-sdk" */;
			productName = FirebaseDatabase;
		};
		0BBB65142AFC0AF200A47052 /* FirebaseDatabaseSwift */ = {
			isa = XCSwiftPackageProductDependency;
			package = 0BBB64C92AFC0AA700A47052 /* XCRemoteSwiftPackageReference "firebase-ios-sdk" */;
			productName = FirebaseDatabaseSwift;
		};
		0BBB65162AFC0AF200A47052 /* FirebaseDynamicLinks */ = {
			isa = XCSwiftPackageProductDependency;
			package = 0BBB64C92AFC0AA700A47052 /* XCRemoteSwiftPackageReference "firebase-ios-sdk" */;
			productName = FirebaseDynamicLinks;
		};
		0BBB65182AFC0AF200A47052 /* FirebaseFirestore */ = {
			isa = XCSwiftPackageProductDependency;
			package = 0BBB64C92AFC0AA700A47052 /* XCRemoteSwiftPackageReference "firebase-ios-sdk" */;
			productName = FirebaseFirestore;
		};
		0BBB651A2AFC0AF200A47052 /* FirebaseFirestoreCombine-Community */ = {
			isa = XCSwiftPackageProductDependency;
			package = 0BBB64C92AFC0AA700A47052 /* XCRemoteSwiftPackageReference "firebase-ios-sdk" */;
			productName = "FirebaseFirestoreCombine-Community";
		};
		0BBB651C2AFC0AF200A47052 /* FirebaseFirestoreSwift */ = {
			isa = XCSwiftPackageProductDependency;
			package = 0BBB64C92AFC0AA700A47052 /* XCRemoteSwiftPackageReference "firebase-ios-sdk" */;
			productName = FirebaseFirestoreSwift;
		};
		0BBB651E2AFC0AF200A47052 /* FirebaseFunctions */ = {
			isa = XCSwiftPackageProductDependency;
			package = 0BBB64C92AFC0AA700A47052 /* XCRemoteSwiftPackageReference "firebase-ios-sdk" */;
			productName = FirebaseFunctions;
		};
		0BBB65202AFC0AF200A47052 /* FirebaseFunctionsCombine-Community */ = {
			isa = XCSwiftPackageProductDependency;
			package = 0BBB64C92AFC0AA700A47052 /* XCRemoteSwiftPackageReference "firebase-ios-sdk" */;
			productName = "FirebaseFunctionsCombine-Community";
		};
		0BBB65222AFC0AF200A47052 /* FirebaseInAppMessaging-Beta */ = {
			isa = XCSwiftPackageProductDependency;
			package = 0BBB64C92AFC0AA700A47052 /* XCRemoteSwiftPackageReference "firebase-ios-sdk" */;
			productName = "FirebaseInAppMessaging-Beta";
		};
		0BBB65242AFC0AF200A47052 /* FirebaseInAppMessagingSwift-Beta */ = {
			isa = XCSwiftPackageProductDependency;
			package = 0BBB64C92AFC0AA700A47052 /* XCRemoteSwiftPackageReference "firebase-ios-sdk" */;
			productName = "FirebaseInAppMessagingSwift-Beta";
		};
		0BBB65262AFC0AF200A47052 /* FirebaseInstallations */ = {
			isa = XCSwiftPackageProductDependency;
			package = 0BBB64C92AFC0AA700A47052 /* XCRemoteSwiftPackageReference "firebase-ios-sdk" */;
			productName = FirebaseInstallations;
		};
		0BBB65282AFC0AF200A47052 /* FirebaseMLModelDownloader */ = {
			isa = XCSwiftPackageProductDependency;
			package = 0BBB64C92AFC0AA700A47052 /* XCRemoteSwiftPackageReference "firebase-ios-sdk" */;
			productName = FirebaseMLModelDownloader;
		};
		0BBB652A2AFC0AF200A47052 /* FirebaseMessaging */ = {
			isa = XCSwiftPackageProductDependency;
			package = 0BBB64C92AFC0AA700A47052 /* XCRemoteSwiftPackageReference "firebase-ios-sdk" */;
			productName = FirebaseMessaging;
		};
		0BBB652C2AFC0AF200A47052 /* FirebasePerformance */ = {
			isa = XCSwiftPackageProductDependency;
			package = 0BBB64C92AFC0AA700A47052 /* XCRemoteSwiftPackageReference "firebase-ios-sdk" */;
			productName = FirebasePerformance;
		};
		0BBB652E2AFC0AF200A47052 /* FirebaseRemoteConfig */ = {
			isa = XCSwiftPackageProductDependency;
			package = 0BBB64C92AFC0AA700A47052 /* XCRemoteSwiftPackageReference "firebase-ios-sdk" */;
			productName = FirebaseRemoteConfig;
		};
		0BBB65302AFC0AF200A47052 /* FirebaseRemoteConfigSwift */ = {
			isa = XCSwiftPackageProductDependency;
			package = 0BBB64C92AFC0AA700A47052 /* XCRemoteSwiftPackageReference "firebase-ios-sdk" */;
			productName = FirebaseRemoteConfigSwift;
		};
		0BBB65322AFC0AF200A47052 /* FirebaseStorage */ = {
			isa = XCSwiftPackageProductDependency;
			package = 0BBB64C92AFC0AA700A47052 /* XCRemoteSwiftPackageReference "firebase-ios-sdk" */;
			productName = FirebaseStorage;
		};
		0BBB65342AFC0AF200A47052 /* FirebaseStorageCombine-Community */ = {
			isa = XCSwiftPackageProductDependency;
			package = 0BBB64C92AFC0AA700A47052 /* XCRemoteSwiftPackageReference "firebase-ios-sdk" */;
			productName = "FirebaseStorageCombine-Community";
		};
/* End XCSwiftPackageProductDependency section */
	};
	rootObject = 0BBB64472AFBC4C800A47052 /* Project object */;
}
